
Microsoft Visual Studio Solution File, Format Version 12.00
# Visual Studio Version 17
VisualStudioVersion = 17.9.34622.214
MinimumVisualStudioVersion = 10.0.40219.1
Project("{FAE04EC0-301F-11D3-BF4B-00C04F79EFBC}") = "GerenciadorLivros", "GerenciadorLivros\GerenciadorLivros.csproj", "{E9531EEB-BED4-43BB-922E-D7AE69A0C8C4}"
EndProject
Global
	GlobalSection(SolutionConfigurationPlatforms) = preSolution
		Debug|Any CPU = Debug|Any CPU
		Release|Any CPU = Release|Any CPU
	EndGlobalSection
	GlobalSection(ProjectConfigurationPlatforms) = postSolution
		{E9531EEB-BED4-43BB-922E-D7AE69A0C8C4}.Debug|Any CPU.ActiveCfg = Debug|Any CPU
		{E9531EEB-BED4-43BB-922E-D7AE69A0C8C4}.Debug|Any CPU.Build.0 = Debug|Any CPU
		{E9531EEB-BED4-43BB-922E-D7AE69A0C8C4}.Release|Any CPU.ActiveCfg = Release|Any CPU
		{E9531EEB-BED4-43BB-922E-D7AE69A0C8C4}.Release|Any CPU.Build.0 = Release|Any CPU
	EndGlobalSection
	GlobalSection(SolutionProperties) = preSolution
		HideSolutionNode = FALSE
	EndGlobalSection
	GlobalSection(ExtensibilityGlobals) = postSolution
		SolutionGuid = {7DEF8933-6EA6-4E52-A810-7DA78EDB6690}
	EndGlobalSection
EndGlobal
